
Microsoft Visual Studio Solution File, Format Version 12.00
# Visual Studio Version 17
VisualStudioVersion = 17.12.35209.166
MinimumVisualStudioVersion = 10.0.40219.1
Project("{FAE04EC0-301F-11D3-BF4B-00C04F79EFBC}") = "WeatherAPIWrapper", "WeatherAPIWrapper\WeatherAPIWrapper.csproj", "{BE54FFD3-9CFE-4468-B9A6-252D7EB320EE}"
EndProject
Global
	GlobalSection(SolutionConfigurationPlatforms) = preSolution
		Debug|Any CPU = Debug|Any CPU
		Release|Any CPU = Release|Any CPU
	EndGlobalSection
	GlobalSection(ProjectConfigurationPlatforms) = postSolution
		{BE54FFD3-9CFE-4468-B9A6-252D7EB320EE}.Debug|Any CPU.ActiveCfg = Debug|Any CPU
		{BE54FFD3-9CFE-4468-B9A6-252D7EB320EE}.Debug|Any CPU.Build.0 = Debug|Any CPU
		{BE54FFD3-9CFE-4468-B9A6-252D7EB320EE}.Release|Any CPU.ActiveCfg = Release|Any CPU
		{BE54FFD3-9CFE-4468-B9A6-252D7EB320EE}.Release|Any CPU.Build.0 = Release|Any CPU
	EndGlobalSection
	GlobalSection(SolutionProperties) = preSolution
		HideSolutionNode = FALSE
	EndGlobalSection
	GlobalSection(ExtensibilityGlobals) = postSolution
		SolutionGuid = {6295F516-D3C0-4788-A526-AD2387D2CE83}
	EndGlobalSection
EndGlobal
